Microsoft Visual Studio Solution File, Format Version 12.00
# Visual Studio Version 17
VisualStudioVersion = 17.5.2.0
MinimumVisualStudioVersion = 10.0.40219.1
Project("{2150E333-8FDC-42A3-9474-1A3956D46DE8}") = "scenario-based-codebase", "scenario-based-codebase", "{ED2C585A-D9B9-F0D1-5BFE-19C47C3084C4}"
EndProject
Project("{2150E333-8FDC-42A3-9474-1A3956D46DE8}") = "smart-checkout-system", "smart-checkout-system", "{27E09BF9-7D8E-F457-D66D-932DC2F9873C}"
EndProject
Project("{FAE04EC0-301F-11D3-BF4B-00C04F79EFBC}") = "SmartCheckoutSystem", "scenario-based-codebase\smart-checkout-system\SmartCheckoutSystem.csproj", "{33158731-88AD-E5E9-A1A3-D69270588D27}"
EndProject
Global
	GlobalSection(SolutionConfigurationPlatforms) = preSolution
		Debug|Any CPU = Debug|Any CPU
		Release|Any CPU = Release|Any CPU
	EndGlobalSection
	GlobalSection(ProjectConfigurationPlatforms) = postSolution
		{33158731-88AD-E5E9-A1A3-D69270588D27}.Debug|Any CPU.ActiveCfg = Debug|Any CPU
		{33158731-88AD-E5E9-A1A3-D69270588D27}.Debug|Any CPU.Build.0 = Debug|Any CPU
		{33158731-88AD-E5E9-A1A3-D69270588D27}.Release|Any CPU.ActiveCfg = Release|Any CPU
		{33158731-88AD-E5E9-A1A3-D69270588D27}.Release|Any CPU.Build.0 = Release|Any CPU
	EndGlobalSection
	GlobalSection(SolutionProperties) = preSolution
		HideSolutionNode = FALSE
	EndGlobalSection
	GlobalSection(NestedProjects) = preSolution
		{27E09BF9-7D8E-F457-D66D-932DC2F9873C} = {ED2C585A-D9B9-F0D1-5BFE-19C47C3084C4}
		{33158731-88AD-E5E9-A1A3-D69270588D27} = {27E09BF9-7D8E-F457-D66D-932DC2F9873C}
	EndGlobalSection
	GlobalSection(ExtensibilityGlobals) = postSolution
		SolutionGuid = {4B4C9458-A7B8-4DAE-B147-C0A0F3C2F60E}
	EndGlobalSection
EndGlobal
